// !$*UTF8*$!
{
	archiveVersion = 1;
	classes = {
	};
	objectVersion = 50;
	objects = {

/* Begin PBXBuildFile section */
		720622192033F8370092DCF8 /* ARCamera+TrackingState.m in Sources */ = {isa = PBXBuildFile; fileRef = 720622182033F8370092DCF8 /* ARCamera+TrackingState.m */; };
		7209A630203A8B4E00930699 /* StatusViewController.m in Sources */ = {isa = PBXBuildFile; fileRef = 7209A62E203A8B4E00930699 /* StatusViewController.m */; };
		72C0CABC20393E6000A8857C /* ViewController+ARSessionDelegate.m in Sources */ = {isa = PBXBuildFile; fileRef = 72C0CABB20393E6000A8857C /* ViewController+ARSessionDelegate.m */; };
		72E093A9202FFEAB00DA7B92 /* AppDelegate.m in Sources */ = {isa = PBXBuildFile; fileRef = 72E093A8202FFEAB00DA7B92 /* AppDelegate.m */; };
		72E093AB202FFEAB00DA7B92 /* art.scnassets in Resources */ = {isa = PBXBuildFile; fileRef = 72E093AA202FFEAB00DA7B92 /* art.scnassets */; };
		72E093AE202FFEAB00DA7B92 /* ViewController.m in Sources */ = {isa = PBXBuildFile; fileRef = 72E093AD202FFEAB00DA7B92 /* ViewController.m */; };
		72E093B1202FFEAB00DA7B92 /* Main.storyboard in Resources */ = {isa = PBXBuildFile; fileRef = 72E093AF202FFEAB00DA7B92 /* Main.storyboard */; };
		72E093B3202FFEAD00DA7B92 /* Assets.xcassets in Resources */ = {isa = PBXBuildFile; fileRef = 72E093B2202FFEAD00DA7B92 /* Assets.xcassets */; };
		72E093B6202FFEAD00DA7B92 /* LaunchScreen.storyboard in Resources */ = {isa = PBXBuildFile; fileRef = 72E093B4202FFEAD00DA7B92 /* LaunchScreen.storyboard */; };
		72E093B9202FFEAD00DA7B92 /* main.m in Sources */ = {isa = PBXBuildFile; fileRef = 72E093B8202FFEAD00DA7B92 /* main.m */; };
/* End PBXBuildFile section */

/* Begin PBXFileReference section */
		720622172033F8370092DCF8 /* ARCamera+TrackingState.h */ = {isa = PBXFileReference; lastKnownFileType = sourcecode.c.h; path = "ARCamera+TrackingState.h"; sourceTree = "<group>"; };
		720622182033F8370092DCF8 /* ARCamera+TrackingState.m */ = {isa = PBXFileReference; lastKnownFileType = sourcecode.c.objc; path = "ARCamera+TrackingState.m"; sourceTree = "<group>"; };
		7209A62E203A8B4E00930699 /* StatusViewController.m */ = {isa = PBXFileReference; fileEncoding = 4; lastKnownFileType = sourcecode.c.objc; path = StatusViewController.m; sourceTree = "<group>"; };
		7209A62F203A8B4E00930699 /* StatusViewController.h */ = {isa = PBXFileReference; fileEncoding = 4; lastKnownFileType = sourcecode.c.h; path = StatusViewController.h; sourceTree = "<group>"; };
		72C0CABA20393E6000A8857C /* ViewController+ARSessionDelegate.h */ = {isa = PBXFileReference; lastKnownFileType = sourcecode.c.h; path = "ViewController+ARSessionDelegate.h"; sourceTree = "<group>"; };
		72C0CABB20393E6000A8857C /* ViewController+ARSessionDelegate.m */ = {isa = PBXFileReference; lastKnownFileType = sourcecode.c.objc; path = "ViewController+ARSessionDelegate.m"; sourceTree = "<group>"; };
		72E093A4202FFEAB00DA7B92 /* ARKitImageRecognition-Objective C.app */ = {isa = PBXFileReference; explicitFileType = wrapper.application; includeInIndex = 0; path = "ARKitImageRecognition-Objective C.app"; sourceTree = BUILT_PRODUCTS_DIR; };
		72E093A7202FFEAB00DA7B92 /* AppDelegate.h */ = {isa = PBXFileReference; lastKnownFileType = sourcecode.c.h; path = AppDelegate.h; sourceTree = "<group>"; };
		72E093A8202FFEAB00DA7B92 /* AppDelegate.m */ = {isa = PBXFileReference; lastKnownFileType = sourcecode.c.objc; path = AppDelegate.m; sourceTree = "<group>"; };
		72E093AA202FFEAB00DA7B92 /* art.scnassets */ = {isa = PBXFileReference; lastKnownFileType = wrapper.scnassets; path = art.scnassets; sourceTree = "<group>"; };
		72E093AC202FFEAB00DA7B92 /* ViewController.h */ = {isa = PBXFileReference; lastKnownFileType = sourcecode.c.h; path = ViewController.h; sourceTree = "<group>"; };
		72E093AD202FFEAB00DA7B92 /* ViewController.m */ = {isa = PBXFileReference; lastKnownFileType = sourcecode.c.objc; path = ViewController.m; sourceTree = "<group>"; };
		72E093B0202FFEAB00DA7B92 /* Base */ = {isa = PBXFileReference; lastKnownFileType = file.storyboard; name = Base; path = Base.lproj/Main.storyboard; sourceTree = "<group>"; };
		72E093B2202FFEAD00DA7B92 /* Assets.xcassets */ = {isa = PBXFileReference; lastKnownFileType = folder.assetcatalog; path = Assets.xcassets; sourceTree = "<group>"; };
		72E093B5202FFEAD00DA7B92 /* Base */ = {isa = PBXFileReference; lastKnownFileType = file.storyboard; name = Base; path = Base.lproj/LaunchScreen.storyboard; sourceTree = "<group>"; };
		72E093B7202FFEAD00DA7B92 /* Info.plist */ = {isa = PBXFileReference; lastKnownFileType = text.plist.xml; path = Info.plist; sourceTree = "<group>"; };
		72E093B8202FFEAD00DA7B92 /* main.m */ = {isa = PBXFileReference; lastKnownFileType = sourcecode.c.objc; path = main.m; sourceTree = "<group>"; };
/* End PBXFileReference section */

/* Begin PBXFrameworksBuildPhase section */
		72E093A1202FFEAB00DA7B92 /* Frameworks */ = {
			isa = PBXFrameworksBuildPhase;
			buildActionMask = 2147483647;
			files = (
			);
			runOnlyForDeploymentPostprocessing = 0;
		};
/* End PBXFrameworksBuildPhase section */

/* Begin PBXGroup section */
		7209A629203A8AEE00930699 /* Additional View Controllers */ = {
			isa = PBXGroup;
			children = (
				7209A62F203A8B4E00930699 /* StatusViewController.h */,
				7209A62E203A8B4E00930699 /* StatusViewController.m */,
			);
			path = "Additional View Controllers";
			sourceTree = "<group>";
		};
		72E0939B202FFEAB00DA7B92 = {
			isa = PBXGroup;
			children = (
				72E093A6202FFEAB00DA7B92 /* ARKitImageRecognition-Objective C */,
				72E093A5202FFEAB00DA7B92 /* Products */,
			);
			sourceTree = "<group>";
		};
		72E093A5202FFEAB00DA7B92 /* Products */ = {
			isa = PBXGroup;
			children = (
				72E093A4202FFEAB00DA7B92 /* ARKitImageRecognition-Objective C.app */,
			);
			name = Products;
			sourceTree = "<group>";
		};
		72E093A6202FFEAB00DA7B92 /* ARKitImageRecognition-Objective C */ = {
			isa = PBXGroup;
			children = (
				72E093A7202FFEAB00DA7B92 /* AppDelegate.h */,
				72E093A8202FFEAB00DA7B92 /* AppDelegate.m */,
				72E093AA202FFEAB00DA7B92 /* art.scnassets */,
				72E093AC202FFEAB00DA7B92 /* ViewController.h */,
				72E093AD202FFEAB00DA7B92 /* ViewController.m */,
				72C0CABA20393E6000A8857C /* ViewController+ARSessionDelegate.h */,
				72C0CABB20393E6000A8857C /* ViewController+ARSessionDelegate.m */,
				720622172033F8370092DCF8 /* ARCamera+TrackingState.h */,
				720622182033F8370092DCF8 /* ARCamera+TrackingState.m */,
				7209A629203A8AEE00930699 /* Additional View Controllers */,
				72E093AF202FFEAB00DA7B92 /* Main.storyboard */,
				72E093B2202FFEAD00DA7B92 /* Assets.xcassets */,
				72E093B4202FFEAD00DA7B92 /* LaunchScreen.storyboard */,
				72E093B7202FFEAD00DA7B92 /* Info.plist */,
				72E093B8202FFEAD00DA7B92 /* main.m */,
			);
			path = "ARKitImageRecognition-Objective C";
			sourceTree = "<group>";
		};
/* End PBXGroup section */

/* Begin PBXNativeTarget section */
		72E093A3202FFEAB00DA7B92 /* ARKitImageRecognition-Objective C */ = {
			isa = PBXNativeTarget;
			buildConfigurationList = 72E093BC202FFEAD00DA7B92 /* Build configuration list for PBXNativeTarget "ARKitImageRecognition-Objective C" */;
			buildPhases = (
				72E093A0202FFEAB00DA7B92 /* Sources */,
				72E093A1202FFEAB00DA7B92 /* Frameworks */,
				72E093A2202FFEAB00DA7B92 /* Resources */,
			);
			buildRules = (
			);
			dependencies = (
			);
			name = "ARKitImageRecognition-Objective C";
			productName = "ARKitImageRecognition-Objective C";
			productReference = 72E093A4202FFEAB00DA7B92 /* ARKitImageRecognition-Objective C.app */;
			productType = "com.apple.product-type.application";
		};
/* End PBXNativeTarget section */

/* Begin PBXProject section */
		72E0939C202FFEAB00DA7B92 /* Project object */ = {
			isa = PBXProject;
			attributes = {
				LastUpgradeCheck = 0930;
				ORGANIZATIONNAME = "Koushan Korouei";
				TargetAttributes = {
					72E093A3202FFEAB00DA7B92 = {
						CreatedOnToolsVersion = 9.3;
					};
				};
			};
			buildConfigurationList = 72E0939F202FFEAB00DA7B92 /* Build configuration list for PBXProject "ARKitImageRecognition-Objective C" */;
			compatibilityVersion = "Xcode 9.3";
			developmentRegion = en;
			hasScannedForEncodings = 0;
			knownRegions = (
				en,
				Base,
			);
			mainGroup = 72E0939B202FFEAB00DA7B92;
			productRefGroup = 72E093A5202FFEAB00DA7B92 /* Products */;
			projectDirPath = "";
			projectRoot = "";
			targets = (
				72E093A3202FFEAB00DA7B92 /* ARKitImageRecognition-Objective C */,
			);
		};
/* End PBXProject section */

/* Begin PBXResourcesBuildPhase section */
		72E093A2202FFEAB00DA7B92 /* Resources */ = {
			isa = PBXResourcesBuildPhase;
			buildActionMask = 2147483647;
			files = (
				72E093AB202FFEAB00DA7B92 /* art.scnassets in Resources */,
				72E093B6202FFEAD00DA7B92 /* LaunchScreen.storyboard in Resources */,
				72E093B3202FFEAD00DA7B92 /* Assets.xcassets in Resources */,
				72E093B1202FFEAB00DA7B92 /* Main.storyboard in Resources */,
			);
			runOnlyForDeploymentPostprocessing = 0;
		};
/* End PBXResourcesBuildPhase section */

/* Begin PBXSourcesBuildPhase section */
		72E093A0202FFEAB00DA7B92 /* Sources */ = {
			isa = PBXSourcesBuildPhase;
			buildActionMask = 2147483647;
			files = (
				72E093AE202FFEAB00DA7B92 /* ViewController.m in Sources */,
				72E093B9202FFEAD00DA7B92 /* main.m in Sources */,
				72C0CABC20393E6000A8857C /* ViewController+ARSessionDelegate.m in Sources */,
				720622192033F8370092DCF8 /* ARCamera+TrackingState.m in Sources */,
				7209A630203A8B4E00930699 /* StatusViewController.m in Sources */,
				72E093A9202FFEAB00DA7B92 /* AppDelegate.m in Sources */,
			);
			runOnlyForDeploymentPostprocessing = 0;
		};
/* End PBXSourcesBuildPhase section */

/* Begin PBXVariantGroup section */
		72E093AF202FFEAB00DA7B92 /* Main.storyboard */ = {
			isa = PBXVariantGroup;
			children = (
				72E093B0202FFEAB00DA7B92 /* Base */,
			);
			name = Main.storyboard;
			sourceTree = "<group>";
		};
		72E093B4202FFEAD00DA7B92 /* LaunchScreen.storyboard */ = {
			isa = PBXVariantGroup;
			children = (
				72E093B5202FFEAD00DA7B92 /* Base */,
			);
			name = LaunchScreen.storyboard;
			sourceTree = "<group>";
		};
/* End PBXVariantGroup section */

/* Begin XCBuildConfiguration section */
		72E093BA202FFEAD00DA7B92 /* Debug */ = {
			isa = XCBuildConfiguration;
			buildSettings = {
				ALWAYS_SEARCH_USER_PATHS = NO;
				CLANG_ANALYZER_NONNULL = YES;
				CLANG_ANALYZER_NUMBER_OBJECT_CONVERSION = YES_AGGRESSIVE;
				CLANG_CXX_LANGUAGE_STANDARD = "gnu++14";
				CLANG_CXX_LIBRARY = "libc++";
				CLANG_ENABLE_MODULES = YES;
				CLANG_ENABLE_OBJC_ARC = YES;
				CLANG_ENABLE_OBJC_WEAK = YES;
				CLANG_WARN_BLOCK_CAPTURE_AUTORELEASING = YES;
				CLANG_WARN_BOOL_CONVERSION = YES;
				CLANG_WARN_COMMA = YES;
				CLANG_WARN_CONSTANT_CONVERSION = YES;
				CLANG_WARN_DEPRECATED_OBJC_IMPLEMENTATIONS = YES;
				CLANG_WARN_DIRECT_OBJC_ISA_USAGE = YES_ERROR;
				CLANG_WARN_DOCUMENTATION_COMMENTS = YES;
				CLANG_WARN_EMPTY_BODY = YES;
				CLANG_WARN_ENUM_CONVERSION = YES;
				CLANG_WARN_INFINITE_RECURSION = YES;
				CLANG_WARN_INT_CONVERSION = YES;
				CLANG_WARN_NON_LITERAL_NULL_CONVERSION = YES;
				CLANG_WARN_OBJC_IMPLICIT_RETAIN_SELF = YES;
				CLANG_WARN_OBJC_LITERAL_CONVERSION = YES;
				CLANG_WARN_OBJC_ROOT_CLASS = YES_ERROR;
				CLANG_WARN_RANGE_LOOP_ANALYSIS = YES;
				CLANG_WARN_STRICT_PROTOTYPES = YES;
				CLANG_WARN_SUSPICIOUS_MOVE = YES;
				CLANG_WARN_UNGUARDED_AVAILABILITY = YES_AGGRESSIVE;
				CLANG_WARN_UNREACHABLE_CODE = YES;
				CLANG_WARN__DUPLICATE_METHOD_MATCH = YES;
				CODE_SIGN_IDENTITY = "iPhone Developer";
				COPY_PHASE_STRIP = NO;
				DEBUG_INFORMATION_FORMAT = dwarf;
				ENABLE_STRICT_OBJC_MSGSEND = YES;
				ENABLE_TESTABILITY = YES;
				GCC_C_LANGUAGE_STANDARD = gnu11;
				GCC_DYNAMIC_NO_PIC = NO;
				GCC_NO_COMMON_BLOCKS = YES;
				GCC_OPTIMIZATION_LEVEL = 0;
				GCC_PREPROCESSOR_DEFINITIONS = (
					"DEBUG=1",
					"$(inherited)",
				);
				GCC_WARN_64_TO_32_BIT_CONVERSION = YES;
				GCC_WARN_ABOUT_RETURN_TYPE = YES_ERROR;
				GCC_WARN_UNDECLARED_SELECTOR = YES;
				GCC_WARN_UNINITIALIZED_AUTOS = YES_AGGRESSIVE;
				GCC_WARN_UNUSED_FUNCTION = YES;
				GCC_WARN_UNUSED_VARIABLE = YES;
				IPHONEOS_DEPLOYMENT_TARGET = 11.3;
				MTL_ENABLE_DEBUG_INFO = YES;
				ONLY_ACTIVE_ARCH = YES;
				SDKROOT = iphoneos;
			};
			name = Debug;
		};
		72E093BB202FFEAD00DA7B92 /* Release */ = {
			isa = XCBuildConfiguration;
			buildSettings = {
				ALWAYS_SEARCH_USER_PATHS = NO;
				CLANG_ANALYZER_NONNULL = YES;
				CLANG_ANALYZER_NUMBER_OBJECT_CONVERSION = YES_AGGRESSIVE;
				CLANG_CXX_LANGUAGE_STANDARD = "gnu++14";
				CLANG_CXX_LIBRARY = "libc++";
				CLANG_ENABLE_MODULES = YES;
				CLANG_ENABLE_OBJC_ARC = YES;
				CLANG_ENABLE_OBJC_WEAK = YES;
				CLANG_WARN_BLOCK_CAPTURE_AUTORELEASING = YES;
				CLANG_WARN_BOOL_CONVERSION = YES;
				CLANG_WARN_COMMA = YES;
				CLANG_WARN_CONSTANT_CONVERSION = YES;
				CLANG_WARN_DEPRECATED_OBJC_IMPLEMENTATIONS = YES;
				CLANG_WARN_DIRECT_OBJC_ISA_USAGE = YES_ERROR;
				CLANG_WARN_DOCUMENTATION_COMMENTS = YES;
				CLANG_WARN_EMPTY_BODY = YES;
				CLANG_WARN_ENUM_CONVERSION = YES;
				CLANG_WARN_INFINITE_RECURSION = YES;
				CLANG_WARN_INT_CONVERSION = YES;
				CLANG_WARN_NON_LITERAL_NULL_CONVERSION = YES;
				CLANG_WARN_OBJC_IMPLICIT_RETAIN_SELF = YES;
				CLANG_WARN_OBJC_LITERAL_CONVERSION = YES;
				CLANG_WARN_OBJC_ROOT_CLASS = YES_ERROR;
				CLANG_WARN_RANGE_LOOP_ANALYSIS = YES;
				CLANG_WARN_STRICT_PROTOTYPES = YES;
				CLANG_WARN_SUSPICIOUS_MOVE = YES;
				CLANG_WARN_UNGUARDED_AVAILABILITY = YES_AGGRESSIVE;
				CLANG_WARN_UNREACHABLE_CODE = YES;
				CLANG_WARN__DUPLICATE_METHOD_MATCH = YES;
				CODE_SIGN_IDENTITY = "iPhone Developer";
				COPY_PHASE_STRIP = NO;
				DEBUG_INFORMATION_FORMAT = "dwarf-with-dsym";
				ENABLE_NS_ASSERTIONS = NO;
				ENABLE_STRICT_OBJC_MSGSEND = YES;
				GCC_C_LANGUAGE_STANDARD = gnu11;
				GCC_NO_COMMON_BLOCKS = YES;
				GCC_WARN_64_TO_32_BIT_CONVERSION = YES;
				GCC_WARN_ABOUT_RETURN_TYPE = YES_ERROR;
				GCC_WARN_UNDECLARED_SELECTOR = YES;
				GCC_WARN_UNINITIALIZED_AUTOS = YES_AGGRESSIVE;
				GCC_WARN_UNUSED_FUNCTION = YES;
				GCC_WARN_UNUSED_VARIABLE = YES;
				IPHONEOS_DEPLOYMENT_TARGET = 11.3;
				MTL_ENABLE_DEBUG_INFO = NO;
				SDKROOT = iphoneos;
				VALIDATE_PRODUCT = YES;
			};
			name = Release;
		};
		72E093BD202FFEAD00DA7B92 /* Debug */ = {
			isa = XCBuildConfiguration;
			buildSettings = {
				ASSETCATALOG_COMPILER_APPICON_NAME = AppIcon;
				CODE_SIGN_STYLE = Automatic;
				DEVELOPMENT_TEAM = R7ZVS3ML7R;
				INFOPLIST_FILE = "ARKitImageRecognition-Objective C/Info.plist";
				LD_RUNPATH_SEARCH_PATHS = (
					"$(inherited)",
					"@executable_path/Frameworks",
				);
				PRODUCT_BUNDLE_IDENTIFIER = "com.kk.Test.ARKitImageRecognition-Objective-C";
				PRODUCT_NAME = "$(TARGET_NAME)";
				TARGETED_DEVICE_FAMILY = "1,2";
			};
			name = Debug;
		};
		72E093BE202FFEAD00DA7B92 /* Release */ = {
			isa = XCBuildConfiguration;
			buildSettings = {
				ASSETCATALOG_COMPILER_APPICON_NAME = AppIcon;
				CODE_SIGN_STYLE = Automatic;
				DEVELOPMENT_TEAM = R7ZVS3ML7R;
				INFOPLIST_FILE = "ARKitImageRecognition-Objective C/Info.plist";
				LD_RUNPATH_SEARCH_PATHS = (
					"$(inherited)",
					"@executable_path/Frameworks",
				);
				PRODUCT_BUNDLE_IDENTIFIER = "com.kk.Test.ARKitImageRecognition-Objective-C";
				PRODUCT_NAME = "$(TARGET_NAME)";
				TARGETED_DEVICE_FAMILY = "1,2";
			};
			name = Release;
		};
/* End XCBuildConfiguration section */

/* Begin XCConfigurationList section */
		72E0939F202FFEAB00DA7B92 /* Build configuration list for PBXProject "ARKitImageRecognition-Objective C" */ = {
			isa = XCConfigurationList;
			buildConfigurations = (
				72E093BA202FFEAD00DA7B92 /* Debug */,
				72E093BB202FFEAD00DA7B92 /* Release */,
			);
			defaultConfigurationIsVisible = 0;
			defaultConfigurationName = Release;
		};
		72E093BC202FFEAD00DA7B92 /* Build configuration list for PBXNativeTarget "ARKitImageRecognition-Objective C" */ = {
			isa = XCConfigurationList;
			buildConfigurations = (
				72E093BD202FFEAD00DA7B92 /* Debug */,
				72E093BE202FFEAD00DA7B92 /* Release */,
			);
			defaultConfigurationIsVisible = 0;
			defaultConfigurationName = Release;
		};
/* End XCConfigurationList section */
	};
	rootObject = 72E0939C202FFEAB00DA7B92 /* Project object */;
}
